
Microsoft Visual Studio Solution File, Format Version 12.00
# Visual Studio Version 17
VisualStudioVersion = 17.3.32901.215
MinimumVisualStudioVersion = 10.0.40219.1
Project("{FAE04EC0-301F-11D3-BF4B-00C04F79EFBC}") = "Module14Framework", "Module14Framework\Module14Framework.csproj", "{398BE2E4-625D-4B33-8210-F9B86C68BA92}"
EndProject
Global
	GlobalSection(SolutionConfigurationPlatforms) = preSolution
		Debug|Any CPU = Debug|Any CPU
		Release|Any CPU = Release|Any CPU
	EndGlobalSection
	GlobalSection(ProjectConfigurationPlatforms) = postSolution
		{398BE2E4-625D-4B33-8210-F9B86C68BA92}.Debug|Any CPU.ActiveCfg = Debug|Any CPU
		{398BE2E4-625D-4B33-8210-F9B86C68BA92}.Debug|Any CPU.Build.0 = Debug|Any CPU
		{398BE2E4-625D-4B33-8210-F9B86C68BA92}.Release|Any CPU.ActiveCfg = Release|Any CPU
		{398BE2E4-625D-4B33-8210-F9B86C68BA92}.Release|Any CPU.Build.0 = Release|Any CPU
	EndGlobalSection
	GlobalSection(SolutionProperties) = preSolution
		HideSolutionNode = FALSE
	EndGlobalSection
	GlobalSection(ExtensibilityGlobals) = postSolution
		SolutionGuid = {F57475B7-6DED-4991-9541-5837ECEB13AB}
	EndGlobalSection
EndGlobal
